// !$*UTF8*$!
{
	archiveVersion = 1;
	classes = {
	};
	objectVersion = 55;
	objects = {

/* Begin PBXBuildFile section */
		242763B228617C8700D0C87E /* AppDelegate.swift in Sources */ = {isa = PBXBuildFile; fileRef = 242763B128617C8700D0C87E /* AppDelegate.swift */; };
		242763B428617C8700D0C87E /* SceneDelegate.swift in Sources */ = {isa = PBXBuildFile; fileRef = 242763B328617C8700D0C87E /* SceneDelegate.swift */; };
		242763B628617C8700D0C87E /* ViewController.swift in Sources */ = {isa = PBXBuildFile; fileRef = 242763B528617C8700D0C87E /* ViewController.swift */; };
		242763B928617C8700D0C87E /* Main.storyboard in Resources */ = {isa = PBXBuildFile; fileRef = 242763B728617C8700D0C87E /* Main.storyboard */; };
		242763BB28617C8D00D0C87E /* Assets.xcassets in Resources */ = {isa = PBXBuildFile; fileRef = 242763BA28617C8D00D0C87E /* Assets.xcassets */; };
		242763BE28617C8D00D0C87E /* LaunchScreen.storyboard in Resources */ = {isa = PBXBuildFile; fileRef = 242763BC28617C8D00D0C87E /* LaunchScreen.storyboard */; };
		24E22D6E28628D44004CE717 /* SignUpViewController.swift in Sources */ = {isa = PBXBuildFile; fileRef = 24E22D6D28628D44004CE717 /* SignUpViewController.swift */; };
		24E22D7028628D5E004CE717 /* LogInViewController.swift in Sources */ = {isa = PBXBuildFile; fileRef = 24E22D6F28628D5E004CE717 /* LogInViewController.swift */; };
		24E22D7228628D72004CE717 /* HomeViewController.swift in Sources */ = {isa = PBXBuildFile; fileRef = 24E22D7128628D72004CE717 /* HomeViewController.swift */; };
		24E22D79286292DB004CE717 /* Utilities.swift in Sources */ = {isa = PBXBuildFile; fileRef = 24E22D78286292DB004CE717 /* Utilities.swift */; };
		24E22D7B28629555004CE717 /* GoogleService-Info.plist in Resources */ = {isa = PBXBuildFile; fileRef = 24E22D7A28629555004CE717 /* GoogleService-Info.plist */; };
		24E22D7D2862D002004CE717 /* Constants.swift in Sources */ = {isa = PBXBuildFile; fileRef = 24E22D7C2862D002004CE717 /* Constants.swift */; };
		24E22D802862D4C3004CE717 /* loginbg.mp4 in Resources */ = {isa = PBXBuildFile; fileRef = 24E22D7F2862D4C3004CE717 /* loginbg.mp4 */; };
		24E22D8228637277004CE717 /* AuthenticationState.swift in Sources */ = {isa = PBXBuildFile; fileRef = 24E22D8128637276004CE717 /* AuthenticationState.swift */; };
		24E22D8428637E48004CE717 /* ListsViewController.swift in Sources */ = {isa = PBXBuildFile; fileRef = 24E22D8328637E48004CE717 /* ListsViewController.swift */; };
		24E22D8628637EAD004CE717 /* DiscoverViewController.swift in Sources */ = {isa = PBXBuildFile; fileRef = 24E22D8528637EAD004CE717 /* DiscoverViewController.swift */; };
		24E22D9228639363004CE717 /* BibleModel.swift in Sources */ = {isa = PBXBuildFile; fileRef = 24E22D9128639362004CE717 /* BibleModel.swift */; };
		24E22D9428639B02004CE717 /* BibleController.swift in Sources */ = {isa = PBXBuildFile; fileRef = 24E22D9328639B02004CE717 /* BibleController.swift */; };
		24E22D9628639CF7004CE717 /* ApiError.swift in Sources */ = {isa = PBXBuildFile; fileRef = 24E22D9528639CF7004CE717 /* ApiError.swift */; };
		24E22D982863EF4F004CE717 /* BibleBookListViewController.swift in Sources */ = {isa = PBXBuildFile; fileRef = 24E22D972863EF4F004CE717 /* BibleBookListViewController.swift */; };
		24E22D9B2863F315004CE717 /* BibleBookCollectionViewCell.swift in Sources */ = {isa = PBXBuildFile; fileRef = 24E22D9A2863F315004CE717 /* BibleBookCollectionViewCell.swift */; };
		32E0FCAAD23233EE03A360D1 /* Pods_OnYourHeart_Pod.framework in Frameworks */ = {isa = PBXBuildFile; fileRef = F2329E9F21E4B36E897D3DDC /* Pods_OnYourHeart_Pod.framework */; };
/* End PBXBuildFile section */

/* Begin PBXFileReference section */
		242763AE28617C8700D0C87E /* OnYourHeart-Pod.app */ = {isa = PBXFileReference; explicitFileType = wrapper.application; includeInIndex = 0; path = "OnYourHeart-Pod.app"; sourceTree = BUILT_PRODUCTS_DIR; };
		242763B128617C8700D0C87E /* AppDelegate.swift */ = {isa = PBXFileReference; lastKnownFileType = sourcecode.swift; path = AppDelegate.swift; sourceTree = "<group>"; };
		242763B328617C8700D0C87E /* SceneDelegate.swift */ = {isa = PBXFileReference; lastKnownFileType = sourcecode.swift; path = SceneDelegate.swift; sourceTree = "<group>"; };
		242763B528617C8700D0C87E /* ViewController.swift */ = {isa = PBXFileReference; lastKnownFileType = sourcecode.swift; path = ViewController.swift; sourceTree = "<group>"; };
		242763B828617C8700D0C87E /* Base */ = {isa = PBXFileReference; lastKnownFileType = file.storyboard; name = Base; path = Base.lproj/Main.storyboard; sourceTree = "<group>"; };
		242763BA28617C8D00D0C87E /* Assets.xcassets */ = {isa = PBXFileReference; lastKnownFileType = folder.assetcatalog; path = Assets.xcassets; sourceTree = "<group>"; };
		242763BD28617C8D00D0C87E /* Base */ = {isa = PBXFileReference; lastKnownFileType = file.storyboard; name = Base; path = Base.lproj/LaunchScreen.storyboard; sourceTree = "<group>"; };
		242763BF28617C8D00D0C87E /* Info.plist */ = {isa = PBXFileReference; lastKnownFileType = text.plist.xml; path = Info.plist; sourceTree = "<group>"; };
		24E22D6D28628D44004CE717 /* SignUpViewController.swift */ = {isa = PBXFileReference; lastKnownFileType = sourcecode.swift; path = SignUpViewController.swift; sourceTree = "<group>"; };
		24E22D6F28628D5E004CE717 /* LogInViewController.swift */ = {isa = PBXFileReference; lastKnownFileType = sourcecode.swift; path = LogInViewController.swift; sourceTree = "<group>"; };
		24E22D7128628D72004CE717 /* HomeViewController.swift */ = {isa = PBXFileReference; lastKnownFileType = sourcecode.swift; path = HomeViewController.swift; sourceTree = "<group>"; };
		24E22D78286292DB004CE717 /* Utilities.swift */ = {isa = PBXFileReference; lastKnownFileType = sourcecode.swift; path = Utilities.swift; sourceTree = "<group>"; };
		24E22D7A28629555004CE717 /* GoogleService-Info.plist */ = {isa = PBXFileReference; fileEncoding = 4; lastKnownFileType = text.plist.xml; name = "GoogleService-Info.plist"; path = "../../../../../../Downloads/GoogleService-Info.plist"; sourceTree = "<group>"; };
		24E22D7C2862D002004CE717 /* Constants.swift */ = {isa = PBXFileReference; lastKnownFileType = sourcecode.swift; path = Constants.swift; sourceTree = "<group>"; };
		24E22D7F2862D4C3004CE717 /* loginbg.mp4 */ = {isa = PBXFileReference; lastKnownFileType = file; name = loginbg.mp4; path = ../../../../../../../Downloads/CustomLoginDemo/CustomLoginDemo/Media/loginbg.mp4; sourceTree = "<group>"; };
		24E22D8128637276004CE717 /* AuthenticationState.swift */ = {isa = PBXFileReference; lastKnownFileType = sourcecode.swift; path = AuthenticationState.swift; sourceTree = "<group>"; };
		24E22D8328637E48004CE717 /* ListsViewController.swift */ = {isa = PBXFileReference; lastKnownFileType = sourcecode.swift; path = ListsViewController.swift; sourceTree = "<group>"; };
		24E22D8528637EAD004CE717 /* DiscoverViewController.swift */ = {isa = PBXFileReference; lastKnownFileType = sourcecode.swift; path = DiscoverViewController.swift; sourceTree = "<group>"; };
		24E22D9028638464004CE717 /* Secrets.xcconfig */ = {isa = PBXFileReference; lastKnownFileType = text.xcconfig; path = Secrets.xcconfig; sourceTree = "<group>"; };
		24E22D9128639362004CE717 /* BibleModel.swift */ = {isa = PBXFileReference; lastKnownFileType = sourcecode.swift; path = BibleModel.swift; sourceTree = "<group>"; };
		24E22D9328639B02004CE717 /* BibleController.swift */ = {isa = PBXFileReference; lastKnownFileType = sourcecode.swift; path = BibleController.swift; sourceTree = "<group>"; };
		24E22D9528639CF7004CE717 /* ApiError.swift */ = {isa = PBXFileReference; lastKnownFileType = sourcecode.swift; path = ApiError.swift; sourceTree = "<group>"; };
		24E22D972863EF4F004CE717 /* BibleBookListViewController.swift */ = {isa = PBXFileReference; lastKnownFileType = sourcecode.swift; path = BibleBookListViewController.swift; sourceTree = "<group>"; };
		24E22D9A2863F315004CE717 /* BibleBookCollectionViewCell.swift */ = {isa = PBXFileReference; lastKnownFileType = sourcecode.swift; path = BibleBookCollectionViewCell.swift; sourceTree = "<group>"; };
		2D7DF3F114C56AE05B4051B4 /* Pods-OnYourHeart-Pod.debug.xcconfig */ = {isa = PBXFileReference; includeInIndex = 1; lastKnownFileType = text.xcconfig; name = "Pods-OnYourHeart-Pod.debug.xcconfig"; path = "Target Support Files/Pods-OnYourHeart-Pod/Pods-OnYourHeart-Pod.debug.xcconfig"; sourceTree = "<group>"; };
		2D8F089091021A1DC641E71E /* Pods-OnYourHeart-Pod.release.xcconfig */ = {isa = PBXFileReference; includeInIndex = 1; lastKnownFileType = text.xcconfig; name = "Pods-OnYourHeart-Pod.release.xcconfig"; path = "Target Support Files/Pods-OnYourHeart-Pod/Pods-OnYourHeart-Pod.release.xcconfig"; sourceTree = "<group>"; };
		F2329E9F21E4B36E897D3DDC /* Pods_OnYourHeart_Pod.framework */ = {isa = PBXFileReference; explicitFileType = wrapper.framework; includeInIndex = 0; path = Pods_OnYourHeart_Pod.framework; sourceTree = BUILT_PRODUCTS_DIR; };
/* End PBXFileReference section */

/* Begin PBXFrameworksBuildPhase section */
		242763AB28617C8700D0C87E /* Frameworks */ = {
			isa = PBXFrameworksBuildPhase;
			buildActionMask = 2147483647;
			files = (
				32E0FCAAD23233EE03A360D1 /* Pods_OnYourHeart_Pod.framework in Frameworks */,
			);
			runOnlyForDeploymentPostprocessing = 0;
		};
/* End PBXFrameworksBuildPhase section */

/* Begin PBXGroup section */
		242763A528617C8700D0C87E = {
			isa = PBXGroup;
			children = (
				24E22D9028638464004CE717 /* Secrets.xcconfig */,
				242763B028617C8700D0C87E /* OnYourHeart-Pod */,
				242763AF28617C8700D0C87E /* Products */,
				6C58579E707E599B7F26491B /* Pods */,
				658E18C7C50C7D1FB75E6721 /* Frameworks */,
			);
			sourceTree = "<group>";
		};
		242763AF28617C8700D0C87E /* Products */ = {
			isa = PBXGroup;
			children = (
				242763AE28617C8700D0C87E /* OnYourHeart-Pod.app */,
			);
			name = Products;
			sourceTree = "<group>";
		};
		242763B028617C8700D0C87E /* OnYourHeart-Pod */ = {
			isa = PBXGroup;
			children = (
				24E22D7E2862D4AA004CE717 /* Media */,
				242763B128617C8700D0C87E /* AppDelegate.swift */,
				242763B328617C8700D0C87E /* SceneDelegate.swift */,
				242763B728617C8700D0C87E /* Main.storyboard */,
				242763BA28617C8D00D0C87E /* Assets.xcassets */,
				242763BC28617C8D00D0C87E /* LaunchScreen.storyboard */,
				242763BF28617C8D00D0C87E /* Info.plist */,
				24E22D7A28629555004CE717 /* GoogleService-Info.plist */,
				24E22D8928638344004CE717 /* Controllers */,
				24E22D882863833B004CE717 /* Model */,
				24E22D76286291F8004CE717 /* Helpers */,
			);
			path = "OnYourHeart-Pod";
			sourceTree = "<group>";
		};
		24E22D7328628D7C004CE717 /* ViewControllers */ = {
			isa = PBXGroup;
			children = (
				242763B528617C8700D0C87E /* ViewController.swift */,
				24E22D6D28628D44004CE717 /* SignUpViewController.swift */,
				24E22D6F28628D5E004CE717 /* LogInViewController.swift */,
				24E22D7128628D72004CE717 /* HomeViewController.swift */,
				24E22D8328637E48004CE717 /* ListsViewController.swift */,
				24E22D8528637EAD004CE717 /* DiscoverViewController.swift */,
				24E22D972863EF4F004CE717 /* BibleBookListViewController.swift */,
			);
			path = ViewControllers;
			sourceTree = "<group>";
		};
		24E22D76286291F8004CE717 /* Helpers */ = {
			isa = PBXGroup;
			children = (
				24E22D7C2862D002004CE717 /* Constants.swift */,
				24E22D78286292DB004CE717 /* Utilities.swift */,
				24E22D8128637276004CE717 /* AuthenticationState.swift */,
				24E22D9528639CF7004CE717 /* ApiError.swift */,
			);
			path = Helpers;
			sourceTree = "<group>";
		};
		24E22D7E2862D4AA004CE717 /* Media */ = {
			isa = PBXGroup;
			children = (
				24E22D7F2862D4C3004CE717 /* loginbg.mp4 */,
			);
			path = Media;
			sourceTree = "<group>";
		};
		24E22D882863833B004CE717 /* Model */ = {
			isa = PBXGroup;
			children = (
				24E22D9128639362004CE717 /* BibleModel.swift */,
			);
			path = Model;
			sourceTree = "<group>";
		};
		24E22D8928638344004CE717 /* Controllers */ = {
			isa = PBXGroup;
			children = (
				24E22D992863F2F1004CE717 /* View */,
				24E22D8B2863835F004CE717 /* Model Controllers */,
				24E22D7328628D7C004CE717 /* ViewControllers */,
			);
			path = Controllers;
			sourceTree = "<group>";
		};
		24E22D8B2863835F004CE717 /* Model Controllers */ = {
			isa = PBXGroup;
			children = (
				24E22D9328639B02004CE717 /* BibleController.swift */,
			);
			path = "Model Controllers";
			sourceTree = "<group>";
		};
		24E22D992863F2F1004CE717 /* View */ = {
			isa = PBXGroup;
			children = (
				24E22D9A2863F315004CE717 /* BibleBookCollectionViewCell.swift */,
			);
			path = View;
			sourceTree = "<group>";
		};
		658E18C7C50C7D1FB75E6721 /* Frameworks */ = {
			isa = PBXGroup;
			children = (
				F2329E9F21E4B36E897D3DDC /* Pods_OnYourHeart_Pod.framework */,
			);
			name = Frameworks;
			sourceTree = "<group>";
		};
		6C58579E707E599B7F26491B /* Pods */ = {
			isa = PBXGroup;
			children = (
				2D7DF3F114C56AE05B4051B4 /* Pods-OnYourHeart-Pod.debug.xcconfig */,
				2D8F089091021A1DC641E71E /* Pods-OnYourHeart-Pod.release.xcconfig */,
			);
			path = Pods;
			sourceTree = "<group>";
		};
/* End PBXGroup section */

/* Begin PBXNativeTarget section */
		242763AD28617C8700D0C87E /* OnYourHeart-Pod */ = {
			isa = PBXNativeTarget;
			buildConfigurationList = 242763C228617C8D00D0C87E /* Build configuration list for PBXNativeTarget "OnYourHeart-Pod" */;
			buildPhases = (
				0AD2F2D97C745643D7607C7B /* [CP] Check Pods Manifest.lock */,
				242763AA28617C8700D0C87E /* Sources */,
				242763AB28617C8700D0C87E /* Frameworks */,
				242763AC28617C8700D0C87E /* Resources */,
				FE09DB2C7F1750F0F5302B4D /* [CP] Embed Pods Frameworks */,
				4C8DB163DC9ED32F38828185 /* [CP] Copy Pods Resources */,
			);
			buildRules = (
			);
			dependencies = (
			);
			name = "OnYourHeart-Pod";
			productName = "OnYourHeart-Pod";
			productReference = 242763AE28617C8700D0C87E /* OnYourHeart-Pod.app */;
			productType = "com.apple.product-type.application";
		};
/* End PBXNativeTarget section */

/* Begin PBXProject section */
		242763A628617C8700D0C87E /* Project object */ = {
			isa = PBXProject;
			attributes = {
				BuildIndependentTargetsInParallel = 1;
				LastSwiftUpdateCheck = 1340;
				LastUpgradeCheck = 1340;
				TargetAttributes = {
					242763AD28617C8700D0C87E = {
						CreatedOnToolsVersion = 13.4.1;
					};
				};
			};
			buildConfigurationList = 242763A928617C8700D0C87E /* Build configuration list for PBXProject "OnYourHeart-Pod" */;
			compatibilityVersion = "Xcode 13.0";
			developmentRegion = en;
			hasScannedForEncodings = 0;
			knownRegions = (
				en,
				Base,
			);
			mainGroup = 242763A528617C8700D0C87E;
			productRefGroup = 242763AF28617C8700D0C87E /* Products */;
			projectDirPath = "";
			projectRoot = "";
			targets = (
				242763AD28617C8700D0C87E /* OnYourHeart-Pod */,
			);
		};
/* End PBXProject section */

/* Begin PBXResourcesBuildPhase section */
		242763AC28617C8700D0C87E /* Resources */ = {
			isa = PBXResourcesBuildPhase;
			buildActionMask = 2147483647;
			files = (
				242763BE28617C8D00D0C87E /* LaunchScreen.storyboard in Resources */,
				24E22D802862D4C3004CE717 /* loginbg.mp4 in Resources */,
				24E22D7B28629555004CE717 /* GoogleService-Info.plist in Resources */,
				242763BB28617C8D00D0C87E /* Assets.xcassets in Resources */,
				242763B928617C8700D0C87E /* Main.storyboard in Resources */,
			);
			runOnlyForDeploymentPostprocessing = 0;
		};
/* End PBXResourcesBuildPhase section */

/* Begin PBXShellScriptBuildPhase section */
		0AD2F2D97C745643D7607C7B /* [CP] Check Pods Manifest.lock */ = {
			isa = PBXShellScriptBuildPhase;
			buildActionMask = 2147483647;
			files = (
			);
			inputFileListPaths = (
			);
			inputPaths = (
				"${PODS_PODFILE_DIR_PATH}/Podfile.lock",
				"${PODS_ROOT}/Manifest.lock",
			);
			name = "[CP] Check Pods Manifest.lock";
			outputFileListPaths = (
			);
			outputPaths = (
				"$(DERIVED_FILE_DIR)/Pods-OnYourHeart-Pod-checkManifestLockResult.txt",
			);
			runOnlyForDeploymentPostprocessing = 0;
			shellPath = /bin/sh;
			shellScript = "diff \"${PODS_PODFILE_DIR_PATH}/Podfile.lock\" \"${PODS_ROOT}/Manifest.lock\" > /dev/null\nif [ $? != 0 ] ; then\n    # print error to STDERR\n    echo \"error: The sandbox is not in sync with the Podfile.lock. Run 'pod install' or update your CocoaPods installation.\" >&2\n    exit 1\nfi\n# This output is used by Xcode 'outputs' to avoid re-running this script phase.\necho \"SUCCESS\" > \"${SCRIPT_OUTPUT_FILE_0}\"\n";
			showEnvVarsInLog = 0;
		};
		4C8DB163DC9ED32F38828185 /* [CP] Copy Pods Resources */ = {
			isa = PBXShellScriptBuildPhase;
			buildActionMask = 2147483647;
			files = (
			);
			inputFileListPaths = (
				"${PODS_ROOT}/Target Support Files/Pods-OnYourHeart-Pod/Pods-OnYourHeart-Pod-resources-${CONFIGURATION}-input-files.xcfilelist",
			);
			name = "[CP] Copy Pods Resources";
			outputFileListPaths = (
				"${PODS_ROOT}/Target Support Files/Pods-OnYourHeart-Pod/Pods-OnYourHeart-Pod-resources-${CONFIGURATION}-output-files.xcfilelist",
			);
			runOnlyForDeploymentPostprocessing = 0;
			shellPath = /bin/sh;
			shellScript = "\"${PODS_ROOT}/Target Support Files/Pods-OnYourHeart-Pod/Pods-OnYourHeart-Pod-resources.sh\"\n";
			showEnvVarsInLog = 0;
		};
		FE09DB2C7F1750F0F5302B4D /* [CP] Embed Pods Frameworks */ = {
			isa = PBXShellScriptBuildPhase;
			buildActionMask = 2147483647;
			files = (
			);
			inputFileListPaths = (
				"${PODS_ROOT}/Target Support Files/Pods-OnYourHeart-Pod/Pods-OnYourHeart-Pod-frameworks-${CONFIGURATION}-input-files.xcfilelist",
			);
			name = "[CP] Embed Pods Frameworks";
			outputFileListPaths = (
				"${PODS_ROOT}/Target Support Files/Pods-OnYourHeart-Pod/Pods-OnYourHeart-Pod-frameworks-${CONFIGURATION}-output-files.xcfilelist",
			);
			runOnlyForDeploymentPostprocessing = 0;
			shellPath = /bin/sh;
			shellScript = "\"${PODS_ROOT}/Target Support Files/Pods-OnYourHeart-Pod/Pods-OnYourHeart-Pod-frameworks.sh\"\n";
			showEnvVarsInLog = 0;
		};
/* End PBXShellScriptBuildPhase section */

/* Begin PBXSourcesBuildPhase section */
		242763AA28617C8700D0C87E /* Sources */ = {
			isa = PBXSourcesBuildPhase;
			buildActionMask = 2147483647;
			files = (
				242763B628617C8700D0C87E /* ViewController.swift in Sources */,
				24E22D8228637277004CE717 /* AuthenticationState.swift in Sources */,
				24E22D9428639B02004CE717 /* BibleController.swift in Sources */,
				242763B228617C8700D0C87E /* AppDelegate.swift in Sources */,
				24E22D9B2863F315004CE717 /* BibleBookCollectionViewCell.swift in Sources */,
				24E22D79286292DB004CE717 /* Utilities.swift in Sources */,
				24E22D8428637E48004CE717 /* ListsViewController.swift in Sources */,
				24E22D982863EF4F004CE717 /* BibleBookListViewController.swift in Sources */,
				24E22D6E28628D44004CE717 /* SignUpViewController.swift in Sources */,
				24E22D9628639CF7004CE717 /* ApiError.swift in Sources */,
				24E22D7028628D5E004CE717 /* LogInViewController.swift in Sources */,
				242763B428617C8700D0C87E /* SceneDelegate.swift in Sources */,
				24E22D8628637EAD004CE717 /* DiscoverViewController.swift in Sources */,
				24E22D9228639363004CE717 /* BibleModel.swift in Sources */,
				24E22D7228628D72004CE717 /* HomeViewController.swift in Sources */,
				24E22D7D2862D002004CE717 /* Constants.swift in Sources */,
			);
			runOnlyForDeploymentPostprocessing = 0;
		};
/* End PBXSourcesBuildPhase section */

/* Begin PBXVariantGroup section */
		242763B728617C8700D0C87E /* Main.storyboard */ = {
			isa = PBXVariantGroup;
			children = (
				242763B828617C8700D0C87E /* Base */,
			);
			name = Main.storyboard;
			sourceTree = "<group>";
		};
		242763BC28617C8D00D0C87E /* LaunchScreen.storyboard */ = {
			isa = PBXVariantGroup;
			children = (
				242763BD28617C8D00D0C87E /* Base */,
			);
			name = LaunchScreen.storyboard;
			sourceTree = "<group>";
		};
/* End PBXVariantGroup section */

/* Begin XCBuildConfiguration section */
		242763C028617C8D00D0C87E /* Debug */ = {
			isa = XCBuildConfiguration;
			baseConfigurationReference = 24E22D9028638464004CE717 /* Secrets.xcconfig */;
			buildSettings = {
				ALWAYS_SEARCH_USER_PATHS = NO;
				CLANG_ANALYZER_NONNULL = YES;
				CLANG_ANALYZER_NUMBER_OBJECT_CONVERSION = YES_AGGRESSIVE;
				CLANG_CXX_LANGUAGE_STANDARD = "gnu++17";
				CLANG_ENABLE_MODULES = YES;
				CLANG_ENABLE_OBJC_ARC = YES;
				CLANG_ENABLE_OBJC_WEAK = YES;
				CLANG_WARN_BLOCK_CAPTURE_AUTORELEASING = YES;
				CLANG_WARN_BOOL_CONVERSION = YES;
				CLANG_WARN_COMMA = YES;
				CLANG_WARN_CONSTANT_CONVERSION = YES;
				CLANG_WARN_DEPRECATED_OBJC_IMPLEMENTATIONS = YES;
				CLANG_WARN_DIRECT_OBJC_ISA_USAGE = YES_ERROR;
				CLANG_WARN_DOCUMENTATION_COMMENTS = YES;
				CLANG_WARN_EMPTY_BODY = YES;
				CLANG_WARN_ENUM_CONVERSION = YES;
				CLANG_WARN_INFINITE_RECURSION = YES;
				CLANG_WARN_INT_CONVERSION = YES;
				CLANG_WARN_NON_LITERAL_NULL_CONVERSION = YES;
				CLANG_WARN_OBJC_IMPLICIT_RETAIN_SELF = YES;
				CLANG_WARN_OBJC_LITERAL_CONVERSION = YES;
				CLANG_WARN_OBJC_ROOT_CLASS = YES_ERROR;
				CLANG_WARN_QUOTED_INCLUDE_IN_FRAMEWORK_HEADER = YES;
				CLANG_WARN_RANGE_LOOP_ANALYSIS = YES;
				CLANG_WARN_STRICT_PROTOTYPES = YES;
				CLANG_WARN_SUSPICIOUS_MOVE = YES;
				CLANG_WARN_UNGUARDED_AVAILABILITY = YES_AGGRESSIVE;
				CLANG_WARN_UNREACHABLE_CODE = YES;
				CLANG_WARN__DUPLICATE_METHOD_MATCH = YES;
				COPY_PHASE_STRIP = NO;
				DEBUG_INFORMATION_FORMAT = dwarf;
				ENABLE_STRICT_OBJC_MSGSEND = YES;
				ENABLE_TESTABILITY = YES;
				GCC_C_LANGUAGE_STANDARD = gnu11;
				GCC_DYNAMIC_NO_PIC = NO;
				GCC_NO_COMMON_BLOCKS = YES;
				GCC_OPTIMIZATION_LEVEL = 0;
				GCC_PREPROCESSOR_DEFINITIONS = (
					"DEBUG=1",
					"$(inherited)",
				);
				GCC_WARN_64_TO_32_BIT_CONVERSION = YES;
				GCC_WARN_ABOUT_RETURN_TYPE = YES_ERROR;
				GCC_WARN_UNDECLARED_SELECTOR = YES;
				GCC_WARN_UNINITIALIZED_AUTOS = YES_AGGRESSIVE;
				GCC_WARN_UNUSED_FUNCTION = YES;
				GCC_WARN_UNUSED_VARIABLE = YES;
				IPHONEOS_DEPLOYMENT_TARGET = 15.5;
				MTL_ENABLE_DEBUG_INFO = INCLUDE_SOURCE;
				MTL_FAST_MATH = YES;
				ONLY_ACTIVE_ARCH = YES;
				SDKROOT = iphoneos;
				SWIFT_ACTIVE_COMPILATION_CONDITIONS = DEBUG;
				SWIFT_OPTIMIZATION_LEVEL = "-Onone";
			};
			name = Debug;
		};
		242763C128617C8D00D0C87E /* Release */ = {
			isa = XCBuildConfiguration;
			baseConfigurationReference = 24E22D9028638464004CE717 /* Secrets.xcconfig */;
			buildSettings = {
				ALWAYS_SEARCH_USER_PATHS = NO;
				CLANG_ANALYZER_NONNULL = YES;
				CLANG_ANALYZER_NUMBER_OBJECT_CONVERSION = YES_AGGRESSIVE;
				CLANG_CXX_LANGUAGE_STANDARD = "gnu++17";
				CLANG_ENABLE_MODULES = YES;
				CLANG_ENABLE_OBJC_ARC = YES;
				CLANG_ENABLE_OBJC_WEAK = YES;
				CLANG_WARN_BLOCK_CAPTURE_AUTORELEASING = YES;
				CLANG_WARN_BOOL_CONVERSION = YES;
				CLANG_WARN_COMMA = YES;
				CLANG_WARN_CONSTANT_CONVERSION = YES;
				CLANG_WARN_DEPRECATED_OBJC_IMPLEMENTATIONS = YES;
				CLANG_WARN_DIRECT_OBJC_ISA_USAGE = YES_ERROR;
				CLANG_WARN_DOCUMENTATION_COMMENTS = YES;
				CLANG_WARN_EMPTY_BODY = YES;
				CLANG_WARN_ENUM_CONVERSION = YES;
				CLANG_WARN_INFINITE_RECURSION = YES;
				CLANG_WARN_INT_CONVERSION = YES;
				CLANG_WARN_NON_LITERAL_NULL_CONVERSION = YES;
				CLANG_WARN_OBJC_IMPLICIT_RETAIN_SELF = YES;
				CLANG_WARN_OBJC_LITERAL_CONVERSION = YES;
				CLANG_WARN_OBJC_ROOT_CLASS = YES_ERROR;
				CLANG_WARN_QUOTED_INCLUDE_IN_FRAMEWORK_HEADER = YES;
				CLANG_WARN_RANGE_LOOP_ANALYSIS = YES;
				CLANG_WARN_STRICT_PROTOTYPES = YES;
				CLANG_WARN_SUSPICIOUS_MOVE = YES;
				CLANG_WARN_UNGUARDED_AVAILABILITY = YES_AGGRESSIVE;
				CLANG_WARN_UNREACHABLE_CODE = YES;
				CLANG_WARN__DUPLICATE_METHOD_MATCH = YES;
				COPY_PHASE_STRIP = NO;
				DEBUG_INFORMATION_FORMAT = "dwarf-with-dsym";
				ENABLE_NS_ASSERTIONS = NO;
				ENABLE_STRICT_OBJC_MSGSEND = YES;
				GCC_C_LANGUAGE_STANDARD = gnu11;
				GCC_NO_COMMON_BLOCKS = YES;
				GCC_WARN_64_TO_32_BIT_CONVERSION = YES;
				GCC_WARN_ABOUT_RETURN_TYPE = YES_ERROR;
				GCC_WARN_UNDECLARED_SELECTOR = YES;
				GCC_WARN_UNINITIALIZED_AUTOS = YES_AGGRESSIVE;
				GCC_WARN_UNUSED_FUNCTION = YES;
				GCC_WARN_UNUSED_VARIABLE = YES;
				IPHONEOS_DEPLOYMENT_TARGET = 15.5;
				MTL_ENABLE_DEBUG_INFO = NO;
				MTL_FAST_MATH = YES;
				SDKROOT = iphoneos;
				SWIFT_COMPILATION_MODE = wholemodule;
				SWIFT_OPTIMIZATION_LEVEL = "-O";
				VALIDATE_PRODUCT = YES;
			};
			name = Release;
		};
		242763C328617C8D00D0C87E /* Debug */ = {
			isa = XCBuildConfiguration;
			baseConfigurationReference = 2D7DF3F114C56AE05B4051B4 /* Pods-OnYourHeart-Pod.debug.xcconfig */;
			buildSettings = {
				ASSETCATALOG_COMPILER_APPICON_NAME = AppIcon;
				ASSETCATALOG_COMPILER_GLOBAL_ACCENT_COLOR_NAME = AccentColor;
				CODE_SIGN_STYLE = Automatic;
				CURRENT_PROJECT_VERSION = 1;
				DEVELOPMENT_TEAM = X39HH6F75Z;
				GENERATE_INFOPLIST_FILE = YES;
				INFOPLIST_FILE = "OnYourHeart-Pod/Info.plist";
				INFOPLIST_KEY_UIApplicationSupportsIndirectInputEvents = YES;
				INFOPLIST_KEY_UILaunchStoryboardName = LaunchScreen;
				INFOPLIST_KEY_UIMainStoryboardFile = Main;
				INFOPLIST_KEY_UISupportedInterfaceOrientations_iPad = "UIInterfaceOrientationPortrait UIInterfaceOrientationPortraitUpsideDown UIInterfaceOrientationLandscapeLeft UIInterfaceOrientationLandscapeRight";
				INFOPLIST_KEY_UISupportedInterfaceOrientations_iPhone = "UIInterfaceOrientationPortrait UIInterfaceOrientationLandscapeLeft UIInterfaceOrientationLandscapeRight";
				LD_RUNPATH_SEARCH_PATHS = (
					"$(inherited)",
					"@executable_path/Frameworks",
				);
				MARKETING_VERSION = 1.0;
				PRODUCT_BUNDLE_IDENTIFIER = "com.CurtMcCune.OnYourHeart-Pod";
				PRODUCT_NAME = "$(TARGET_NAME)";
				SWIFT_EMIT_LOC_STRINGS = YES;
				SWIFT_VERSION = 5.0;
				TARGETED_DEVICE_FAMILY = "1,2";
			};
			name = Debug;
		};
		242763C428617C8D00D0C87E /* Release */ = {
			isa = XCBuildConfiguration;
			baseConfigurationReference = 2D8F089091021A1DC641E71E /* Pods-OnYourHeart-Pod.release.xcconfig */;
			buildSettings = {
				ASSETCATALOG_COMPILER_APPICON_NAME = AppIcon;
				ASSETCATALOG_COMPILER_GLOBAL_ACCENT_COLOR_NAME = AccentColor;
				CODE_SIGN_STYLE = Automatic;
				CURRENT_PROJECT_VERSION = 1;
				DEVELOPMENT_TEAM = X39HH6F75Z;
				GENERATE_INFOPLIST_FILE = YES;
				INFOPLIST_FILE = "OnYourHeart-Pod/Info.plist";
				INFOPLIST_KEY_UIApplicationSupportsIndirectInputEvents = YES;
				INFOPLIST_KEY_UILaunchStoryboardName = LaunchScreen;
				INFOPLIST_KEY_UIMainStoryboardFile = Main;
				INFOPLIST_KEY_UISupportedInterfaceOrientations_iPad = "UIInterfaceOrientationPortrait UIInterfaceOrientationPortraitUpsideDown UIInterfaceOrientationLandscapeLeft UIInterfaceOrientationLandscapeRight";
				INFOPLIST_KEY_UISupportedInterfaceOrientations_iPhone = "UIInterfaceOrientationPortrait UIInterfaceOrientationLandscapeLeft UIInterfaceOrientationLandscapeRight";
				LD_RUNPATH_SEARCH_PATHS = (
					"$(inherited)",
					"@executable_path/Frameworks",
				);
				MARKETING_VERSION = 1.0;
				PRODUCT_BUNDLE_IDENTIFIER = "com.CurtMcCune.OnYourHeart-Pod";
				PRODUCT_NAME = "$(TARGET_NAME)";
				SWIFT_EMIT_LOC_STRINGS = YES;
				SWIFT_VERSION = 5.0;
				TARGETED_DEVICE_FAMILY = "1,2";
			};
			name = Release;
		};
/* End XCBuildConfiguration section */

/* Begin XCConfigurationList section */
		242763A928617C8700D0C87E /* Build configuration list for PBXProject "OnYourHeart-Pod" */ = {
			isa = XCConfigurationList;
			buildConfigurations = (
				242763C028617C8D00D0C87E /* Debug */,
				242763C128617C8D00D0C87E /* Release */,
			);
			defaultConfigurationIsVisible = 0;
			defaultConfigurationName = Release;
		};
		242763C228617C8D00D0C87E /* Build configuration list for PBXNativeTarget "OnYourHeart-Pod" */ = {
			isa = XCConfigurationList;
			buildConfigurations = (
				242763C328617C8D00D0C87E /* Debug */,
				242763C428617C8D00D0C87E /* Release */,
			);
			defaultConfigurationIsVisible = 0;
			defaultConfigurationName = Release;
		};
/* End XCConfigurationList section */
	};
	rootObject = 242763A628617C8700D0C87E /* Project object */;
}
